
Microsoft Visual Studio Solution File, Format Version 12.00
# Visual Studio 15
VisualStudioVersion = 15.0.26430.6
MinimumVisualStudioVersion = 10.0.40219.1
Project("{FAE04EC0-301F-11D3-BF4B-00C04F79EFBC}") = "StarFieldMaker", "StarFieldMaker\StarFieldMaker.csproj", "{D02E5E80-F910-4232-B8A8-59E9F67F500F}"
EndProject
Global
	GlobalSection(SolutionConfigurationPlatforms) = preSolution
		Debug|Any CPU = Debug|Any CPU
		Release|Any CPU = Release|Any CPU
	EndGlobalSection
	GlobalSection(ProjectConfigurationPlatforms) = postSolution
		{D02E5E80-F910-4232-B8A8-59E9F67F500F}.Debug|Any CPU.ActiveCfg = Debug|Any CPU
		{D02E5E80-F910-4232-B8A8-59E9F67F500F}.Debug|Any CPU.Build.0 = Debug|Any CPU
		{D02E5E80-F910-4232-B8A8-59E9F67F500F}.Release|Any CPU.ActiveCfg = Release|Any CPU
		{D02E5E80-F910-4232-B8A8-59E9F67F500F}.Release|Any CPU.Build.0 = Release|Any CPU
	EndGlobalSection
	GlobalSection(SolutionProperties) = preSolution
		HideSolutionNode = FALSE
	EndGlobalSection
EndGlobal
