
Microsoft Visual Studio Solution File, Format Version 12.00
# Visual Studio 2013
VisualStudioVersion = 12.0.31101.0
MinimumVisualStudioVersion = 10.0.40219.1
Project("{FAE04EC0-301F-11D3-BF4B-00C04F79EFBC}") = "uconomytools", "uconomytools\uconomytools.csproj", "{BD192392-6C1F-4624-81C9-AA9EFF0E1B30}"
EndProject
Global
	GlobalSection(SolutionConfigurationPlatforms) = preSolution
		Debug|Any CPU = Debug|Any CPU
		Release|Any CPU = Release|Any CPU
	EndGlobalSection
	GlobalSection(ProjectConfigurationPlatforms) = postSolution
		{BD192392-6C1F-4624-81C9-AA9EFF0E1B30}.Debug|Any CPU.ActiveCfg = Debug|Any CPU
		{BD192392-6C1F-4624-81C9-AA9EFF0E1B30}.Debug|Any CPU.Build.0 = Debug|Any CPU
		{BD192392-6C1F-4624-81C9-AA9EFF0E1B30}.Release|Any CPU.ActiveCfg = Release|Any CPU
		{BD192392-6C1F-4624-81C9-AA9EFF0E1B30}.Release|Any CPU.Build.0 = Release|Any CPU
	EndGlobalSection
	GlobalSection(SolutionProperties) = preSolution
		HideSolutionNode = FALSE
	EndGlobalSection
EndGlobal
